// !$*UTF8*$!
{
	archiveVersion = 1;
	classes = {
	};
	objectVersion = 50;
	objects = {

/* Begin PBXBuildFile section */
		4086E3A623458ABC003B3B0A /* ArtTabView.swift in Sources */ = {isa = PBXBuildFile; fileRef = 4086E3A523458ABC003B3B0A /* ArtTabView.swift */; };
		40BFA4DA232608C100D3673B /* AppDelegate.swift in Sources */ = {isa = PBXBuildFile; fileRef = 40BFA4D9232608C100D3673B /* AppDelegate.swift */; };
		40BFA4DC232608C100D3673B /* SceneDelegate.swift in Sources */ = {isa = PBXBuildFile; fileRef = 40BFA4DB232608C100D3673B /* SceneDelegate.swift */; };
		40BFA4DE232608C100D3673B /* ContentView.swift in Sources */ = {isa = PBXBuildFile; fileRef = 40BFA4DD232608C100D3673B /* ContentView.swift */; };
		40BFA4E0232608C300D3673B /* Assets.xcassets in Resources */ = {isa = PBXBuildFile; fileRef = 40BFA4DF232608C300D3673B /* Assets.xcassets */; };
		40BFA4E3232608C300D3673B /* Preview Assets.xcassets in Resources */ = {isa = PBXBuildFile; fileRef = 40BFA4E2232608C300D3673B /* Preview Assets.xcassets */; };
		40BFA4E6232608C300D3673B /* LaunchScreen.storyboard in Resources */ = {isa = PBXBuildFile; fileRef = 40BFA4E4232608C300D3673B /* LaunchScreen.storyboard */; };
		40BFA4EE2326189800D3673B /* Artwork.swift in Sources */ = {isa = PBXBuildFile; fileRef = 40BFA4ED2326189800D3673B /* Artwork.swift */; };
		40F1CA6F23447A3200FA1948 /* DetailView.swift in Sources */ = {isa = PBXBuildFile; fileRef = 40F1CA6E23447A3200FA1948 /* DetailView.swift */; };
		40F1CA7123447EC100FA1948 /* LocationMap.swift in Sources */ = {isa = PBXBuildFile; fileRef = 40F1CA7023447EC100FA1948 /* LocationMap.swift */; };
		CD51ED7123275163000B91C0 /* MapView.swift in Sources */ = {isa = PBXBuildFile; fileRef = CD51ED7023275163000B91C0 /* MapView.swift */; };
/* End PBXBuildFile section */

/* Begin PBXFileReference section */
		4086E3A523458ABC003B3B0A /* ArtTabView.swift */ = {isa = PBXFileReference; lastKnownFileType = sourcecode.swift; path = ArtTabView.swift; sourceTree = "<group>"; };
		40BFA4D6232608C100D3673B /* PublicArt.app */ = {isa = PBXFileReference; explicitFileType = wrapper.application; includeInIndex = 0; path = PublicArt.app; sourceTree = BUILT_PRODUCTS_DIR; };
		40BFA4D9232608C100D3673B /* AppDelegate.swift */ = {isa = PBXFileReference; lastKnownFileType = sourcecode.swift; path = AppDelegate.swift; sourceTree = "<group>"; };
		40BFA4DB232608C100D3673B /* SceneDelegate.swift */ = {isa = PBXFileReference; lastKnownFileType = sourcecode.swift; path = SceneDelegate.swift; sourceTree = "<group>"; };
		40BFA4DD232608C100D3673B /* ContentView.swift */ = {isa = PBXFileReference; lastKnownFileType = sourcecode.swift; path = ContentView.swift; sourceTree = "<group>"; };
		40BFA4DF232608C300D3673B /* Assets.xcassets */ = {isa = PBXFileReference; lastKnownFileType = folder.assetcatalog; path = Assets.xcassets; sourceTree = "<group>"; };
		40BFA4E2232608C300D3673B /* Preview Assets.xcassets */ = {isa = PBXFileReference; lastKnownFileType = folder.assetcatalog; path = "Preview Assets.xcassets"; sourceTree = "<group>"; };
		40BFA4E5232608C300D3673B /* Base */ = {isa = PBXFileReference; lastKnownFileType = file.storyboard; name = Base; path = Base.lproj/LaunchScreen.storyboard; sourceTree = "<group>"; };
		40BFA4E7232608C300D3673B /* Info.plist */ = {isa = PBXFileReference; lastKnownFileType = text.plist.xml; path = Info.plist; sourceTree = "<group>"; };
		40BFA4ED2326189800D3673B /* Artwork.swift */ = {isa = PBXFileReference; lastKnownFileType = sourcecode.swift; path = Artwork.swift; sourceTree = "<group>"; };
		40F1CA6E23447A3200FA1948 /* DetailView.swift */ = {isa = PBXFileReference; lastKnownFileType = sourcecode.swift; path = DetailView.swift; sourceTree = "<group>"; };
		40F1CA7023447EC100FA1948 /* LocationMap.swift */ = {isa = PBXFileReference; lastKnownFileType = sourcecode.swift; path = LocationMap.swift; sourceTree = "<group>"; };
		CD51ED7023275163000B91C0 /* MapView.swift */ = {isa = PBXFileReference; fileEncoding = 4; lastKnownFileType = sourcecode.swift; path = MapView.swift; sourceTree = "<group>"; };
/* End PBXFileReference section */

/* Begin PBXFrameworksBuildPhase section */
		40BFA4D3232608C100D3673B /* Frameworks */ = {
			isa = PBXFrameworksBuildPhase;
			buildActionMask = 2147483647;
			files = (
			);
			runOnlyForDeploymentPostprocessing = 0;
		};
/* End PBXFrameworksBuildPhase section */

/* Begin PBXGroup section */
		40BFA4CD232608C100D3673B = {
			isa = PBXGroup;
			children = (
				40BFA4D8232608C100D3673B /* PublicArt */,
				40BFA4D7232608C100D3673B /* Products */,
			);
			sourceTree = "<group>";
		};
		40BFA4D7232608C100D3673B /* Products */ = {
			isa = PBXGroup;
			children = (
				40BFA4D6232608C100D3673B /* PublicArt.app */,
			);
			name = Products;
			sourceTree = "<group>";
		};
		40BFA4D8232608C100D3673B /* PublicArt */ = {
			isa = PBXGroup;
			children = (
				40BFA4D9232608C100D3673B /* AppDelegate.swift */,
				40BFA4DB232608C100D3673B /* SceneDelegate.swift */,
				40BFA4DD232608C100D3673B /* ContentView.swift */,
				4086E3A523458ABC003B3B0A /* ArtTabView.swift */,
				40F1CA6E23447A3200FA1948 /* DetailView.swift */,
				40F1CA7023447EC100FA1948 /* LocationMap.swift */,
				CD51ED7023275163000B91C0 /* MapView.swift */,
				40BFA4ED2326189800D3673B /* Artwork.swift */,
				40BFA4DF232608C300D3673B /* Assets.xcassets */,
				40BFA4E4232608C300D3673B /* LaunchScreen.storyboard */,
				40BFA4E7232608C300D3673B /* Info.plist */,
				40BFA4E1232608C300D3673B /* Preview Content */,
			);
			path = PublicArt;
			sourceTree = "<group>";
		};
		40BFA4E1232608C300D3673B /* Preview Content */ = {
			isa = PBXGroup;
			children = (
				40BFA4E2232608C300D3673B /* Preview Assets.xcassets */,
			);
			path = "Preview Content";
			sourceTree = "<group>";
		};
/* End PBXGroup section */

/* Begin PBXNativeTarget section */
		40BFA4D5232608C100D3673B /* PublicArt */ = {
			isa = PBXNativeTarget;
			buildConfigurationList = 40BFA4EA232608C300D3673B /* Build configuration list for PBXNativeTarget "PublicArt" */;
			buildPhases = (
				40BFA4D2232608C100D3673B /* Sources */,
				40BFA4D3232608C100D3673B /* Frameworks */,
				40BFA4D4232608C100D3673B /* Resources */,
			);
			buildRules = (
			);
			dependencies = (
			);
			name = PublicArt;
			productName = PublicArt;
			productReference = 40BFA4D6232608C100D3673B /* PublicArt.app */;
			productType = "com.apple.product-type.application";
		};
/* End PBXNativeTarget section */

/* Begin PBXProject section */
		40BFA4CE232608C100D3673B /* Project object */ = {
			isa = PBXProject;
			attributes = {
				LastSwiftUpdateCheck = 1100;
				LastUpgradeCheck = 1100;
				ORGANIZATIONNAME = "Ray Wenderlich";
				TargetAttributes = {
					40BFA4D5232608C100D3673B = {
						CreatedOnToolsVersion = 11.0;
					};
				};
			};
			buildConfigurationList = 40BFA4D1232608C100D3673B /* Build configuration list for PBXProject "PublicArt" */;
			compatibilityVersion = "Xcode 9.3";
			developmentRegion = en;
			hasScannedForEncodings = 0;
			knownRegions = (
				en,
				Base,
			);
			mainGroup = 40BFA4CD232608C100D3673B;
			productRefGroup = 40BFA4D7232608C100D3673B /* Products */;
			projectDirPath = "";
			projectRoot = "";
			targets = (
				40BFA4D5232608C100D3673B /* PublicArt */,
			);
		};
/* End PBXProject section */

/* Begin PBXResourcesBuildPhase section */
		40BFA4D4232608C100D3673B /* Resources */ = {
			isa = PBXResourcesBuildPhase;
			buildActionMask = 2147483647;
			files = (
				40BFA4E6232608C300D3673B /* LaunchScreen.storyboard in Resources */,
				40BFA4E3232608C300D3673B /* Preview Assets.xcassets in Resources */,
				40BFA4E0232608C300D3673B /* Assets.xcassets in Resources */,
			);
			runOnlyForDeploymentPostprocessing = 0;
		};
/* End PBXResourcesBuildPhase section */

/* Begin PBXSourcesBuildPhase section */
		40BFA4D2232608C100D3673B /* Sources */ = {
			isa = PBXSourcesBuildPhase;
			buildActionMask = 2147483647;
			files = (
				40BFA4DA232608C100D3673B /* AppDelegate.swift in Sources */,
				40F1CA6F23447A3200FA1948 /* DetailView.swift in Sources */,
				40BFA4DC232608C100D3673B /* SceneDelegate.swift in Sources */,
				CD51ED7123275163000B91C0 /* MapView.swift in Sources */,
				4086E3A623458ABC003B3B0A /* ArtTabView.swift in Sources */,
				40F1CA7123447EC100FA1948 /* LocationMap.swift in Sources */,
				40BFA4EE2326189800D3673B /* Artwork.swift in Sources */,
				40BFA4DE232608C100D3673B /* ContentView.swift in Sources */,
			);
			runOnlyForDeploymentPostprocessing = 0;
		};
/* End PBXSourcesBuildPhase section */

/* Begin PBXVariantGroup section */
		40BFA4E4232608C300D3673B /* LaunchScreen.storyboard */ = {
			isa = PBXVariantGroup;
			children = (
				40BFA4E5232608C300D3673B /* Base */,
			);
			name = LaunchScreen.storyboard;
			sourceTree = "<group>";
		};
/* End PBXVariantGroup section */

/* Begin XCBuildConfiguration section */
		40BFA4E8232608C300D3673B /* Debug */ = {
			isa = XCBuildConfiguration;
			buildSettings = {
				ALWAYS_SEARCH_USER_PATHS = NO;
				CLANG_ANALYZER_NONNULL = YES;
				CLANG_ANALYZER_NUMBER_OBJECT_CONVERSION = YES_AGGRESSIVE;
				CLANG_CXX_LANGUAGE_STANDARD = "gnu++14";
				CLANG_CXX_LIBRARY = "libc++";
				CLANG_ENABLE_MODULES = YES;
				CLANG_ENABLE_OBJC_ARC = YES;
				CLANG_ENABLE_OBJC_WEAK = YES;
				CLANG_WARN_BLOCK_CAPTURE_AUTORELEASING = YES;
				CLANG_WARN_BOOL_CONVERSION = YES;
				CLANG_WARN_COMMA = YES;
				CLANG_WARN_CONSTANT_CONVERSION = YES;
				CLANG_WARN_DEPRECATED_OBJC_IMPLEMENTATIONS = YES;
				CLANG_WARN_DIRECT_OBJC_ISA_USAGE = YES_ERROR;
				CLANG_WARN_DOCUMENTATION_COMMENTS = YES;
				CLANG_WARN_EMPTY_BODY = YES;
				CLANG_WARN_ENUM_CONVERSION = YES;
				CLANG_WARN_INFINITE_RECURSION = YES;
				CLANG_WARN_INT_CONVERSION = YES;
				CLANG_WARN_NON_LITERAL_NULL_CONVERSION = YES;
				CLANG_WARN_OBJC_IMPLICIT_RETAIN_SELF = YES;
				CLANG_WARN_OBJC_LITERAL_CONVERSION = YES;
				CLANG_WARN_OBJC_ROOT_CLASS = YES_ERROR;
				CLANG_WARN_RANGE_LOOP_ANALYSIS = YES;
				CLANG_WARN_STRICT_PROTOTYPES = YES;
				CLANG_WARN_SUSPICIOUS_MOVE = YES;
				CLANG_WARN_UNGUARDED_AVAILABILITY = YES_AGGRESSIVE;
				CLANG_WARN_UNREACHABLE_CODE = YES;
				CLANG_WARN__DUPLICATE_METHOD_MATCH = YES;
				COPY_PHASE_STRIP = NO;
				DEBUG_INFORMATION_FORMAT = dwarf;
				ENABLE_STRICT_OBJC_MSGSEND = YES;
				ENABLE_TESTABILITY = YES;
				GCC_C_LANGUAGE_STANDARD = gnu11;
				GCC_DYNAMIC_NO_PIC = NO;
				GCC_NO_COMMON_BLOCKS = YES;
				GCC_OPTIMIZATION_LEVEL = 0;
				GCC_PREPROCESSOR_DEFINITIONS = (
					"DEBUG=1",
					"$(inherited)",
				);
				GCC_WARN_64_TO_32_BIT_CONVERSION = YES;
				GCC_WARN_ABOUT_RETURN_TYPE = YES_ERROR;
				GCC_WARN_UNDECLARED_SELECTOR = YES;
				GCC_WARN_UNINITIALIZED_AUTOS = YES_AGGRESSIVE;
				GCC_WARN_UNUSED_FUNCTION = YES;
				GCC_WARN_UNUSED_VARIABLE = YES;
				IPHONEOS_DEPLOYMENT_TARGET = 13.0;
				MTL_ENABLE_DEBUG_INFO = INCLUDE_SOURCE;
				MTL_FAST_MATH = YES;
				ONLY_ACTIVE_ARCH = YES;
				SDKROOT = iphoneos;
				SWIFT_ACTIVE_COMPILATION_CONDITIONS = DEBUG;
				SWIFT_OPTIMIZATION_LEVEL = "-Onone";
			};
			name = Debug;
		};
		40BFA4E9232608C300D3673B /* Release */ = {
			isa = XCBuildConfiguration;
			buildSettings = {
				ALWAYS_SEARCH_USER_PATHS = NO;
				CLANG_ANALYZER_NONNULL = YES;
				CLANG_ANALYZER_NUMBER_OBJECT_CONVERSION = YES_AGGRESSIVE;
				CLANG_CXX_LANGUAGE_STANDARD = "gnu++14";
				CLANG_CXX_LIBRARY = "libc++";
				CLANG_ENABLE_MODULES = YES;
				CLANG_ENABLE_OBJC_ARC = YES;
				CLANG_ENABLE_OBJC_WEAK = YES;
				CLANG_WARN_BLOCK_CAPTURE_AUTORELEASING = YES;
				CLANG_WARN_BOOL_CONVERSION = YES;
				CLANG_WARN_COMMA = YES;
				CLANG_WARN_CONSTANT_CONVERSION = YES;
				CLANG_WARN_DEPRECATED_OBJC_IMPLEMENTATIONS = YES;
				CLANG_WARN_DIRECT_OBJC_ISA_USAGE = YES_ERROR;
				CLANG_WARN_DOCUMENTATION_COMMENTS = YES;
				CLANG_WARN_EMPTY_BODY = YES;
				CLANG_WARN_ENUM_CONVERSION = YES;
				CLANG_WARN_INFINITE_RECURSION = YES;
				CLANG_WARN_INT_CONVERSION = YES;
				CLANG_WARN_NON_LITERAL_NULL_CONVERSION = YES;
				CLANG_WARN_OBJC_IMPLICIT_RETAIN_SELF = YES;
				CLANG_WARN_OBJC_LITERAL_CONVERSION = YES;
				CLANG_WARN_OBJC_ROOT_CLASS = YES_ERROR;
				CLANG_WARN_RANGE_LOOP_ANALYSIS = YES;
				CLANG_WARN_STRICT_PROTOTYPES = YES;
				CLANG_WARN_SUSPICIOUS_MOVE = YES;
				CLANG_WARN_UNGUARDED_AVAILABILITY = YES_AGGRESSIVE;
				CLANG_WARN_UNREACHABLE_CODE = YES;
				CLANG_WARN__DUPLICATE_METHOD_MATCH = YES;
				COPY_PHASE_STRIP = NO;
				DEBUG_INFORMATION_FORMAT = "dwarf-with-dsym";
				ENABLE_NS_ASSERTIONS = NO;
				ENABLE_STRICT_OBJC_MSGSEND = YES;
				GCC_C_LANGUAGE_STANDARD = gnu11;
				GCC_NO_COMMON_BLOCKS = YES;
				GCC_WARN_64_TO_32_BIT_CONVERSION = YES;
				GCC_WARN_ABOUT_RETURN_TYPE = YES_ERROR;
				GCC_WARN_UNDECLARED_SELECTOR = YES;
				GCC_WARN_UNINITIALIZED_AUTOS = YES_AGGRESSIVE;
				GCC_WARN_UNUSED_FUNCTION = YES;
				GCC_WARN_UNUSED_VARIABLE = YES;
				IPHONEOS_DEPLOYMENT_TARGET = 13.0;
				MTL_ENABLE_DEBUG_INFO = NO;
				MTL_FAST_MATH = YES;
				SDKROOT = iphoneos;
				SWIFT_COMPILATION_MODE = wholemodule;
				SWIFT_OPTIMIZATION_LEVEL = "-O";
				VALIDATE_PRODUCT = YES;
			};
			name = Release;
		};
		40BFA4EB232608C300D3673B /* Debug */ = {
			isa = XCBuildConfiguration;
			buildSettings = {
				ASSETCATALOG_COMPILER_APPICON_NAME = AppIcon;
				CODE_SIGN_STYLE = Automatic;
				DEVELOPMENT_ASSET_PATHS = "\"PublicArt/Preview Content\"";
				ENABLE_PREVIEWS = YES;
				INFOPLIST_FILE = PublicArt/Info.plist;
				LD_RUNPATH_SEARCH_PATHS = (
					"$(inherited)",
					"@executable_path/Frameworks",
				);
				PRODUCT_BUNDLE_IDENTIFIER = com.raywenderlich.PublicArt;
				PRODUCT_NAME = "$(TARGET_NAME)";
				SWIFT_VERSION = 5.0;
				TARGETED_DEVICE_FAMILY = "1,2";
			};
			name = Debug;
		};
		40BFA4EC232608C300D3673B /* Release */ = {
			isa = XCBuildConfiguration;
			buildSettings = {
				ASSETCATALOG_COMPILER_APPICON_NAME = AppIcon;
				CODE_SIGN_STYLE = Automatic;
				DEVELOPMENT_ASSET_PATHS = "\"PublicArt/Preview Content\"";
				ENABLE_PREVIEWS = YES;
				INFOPLIST_FILE = PublicArt/Info.plist;
				LD_RUNPATH_SEARCH_PATHS = (
					"$(inherited)",
					"@executable_path/Frameworks",
				);
				PRODUCT_BUNDLE_IDENTIFIER = com.raywenderlich.PublicArt;
				PRODUCT_NAME = "$(TARGET_NAME)";
				SWIFT_VERSION = 5.0;
				TARGETED_DEVICE_FAMILY = "1,2";
			};
			name = Release;
		};
/* End XCBuildConfiguration section */

/* Begin XCConfigurationList section */
		40BFA4D1232608C100D3673B /* Build configuration list for PBXProject "PublicArt" */ = {
			isa = XCConfigurationList;
			buildConfigurations = (
				40BFA4E8232608C300D3673B /* Debug */,
				40BFA4E9232608C300D3673B /* Release */,
			);
			defaultConfigurationIsVisible = 0;
			defaultConfigurationName = Release;
		};
		40BFA4EA232608C300D3673B /* Build configuration list for PBXNativeTarget "PublicArt" */ = {
			isa = XCConfigurationList;
			buildConfigurations = (
				40BFA4EB232608C300D3673B /* Debug */,
				40BFA4EC232608C300D3673B /* Release */,
			);
			defaultConfigurationIsVisible = 0;
			defaultConfigurationName = Release;
		};
/* End XCConfigurationList section */
	};
	rootObject = 40BFA4CE232608C100D3673B /* Project object */;
}
